// !$*UTF8*$!
{
	archiveVersion = 1;
	classes = {
	};
	objectVersion = 48;
	objects = {

/* Begin PBXBuildFile section */
		A87342E11FA550B500EBFCD0 /* icon_asset.xcassets in Resources */ = {isa = PBXBuildFile; fileRef = A87342E01FA550B500EBFCD0 /* icon_asset.xcassets */; };
		A87342E31FA555F700EBFCD0 /* dragon_ViewController.swift in Sources */ = {isa = PBXBuildFile; fileRef = A87342E21FA555F700EBFCD0 /* dragon_ViewController.swift */; };
		A88D43721FA518C40097EE78 /* AppDelegate.swift in Sources */ = {isa = PBXBuildFile; fileRef = A88D43711FA518C40097EE78 /* AppDelegate.swift */; };
		A88D43741FA518C40097EE78 /* art.scnassets in Resources */ = {isa = PBXBuildFile; fileRef = A88D43731FA518C40097EE78 /* art.scnassets */; };
		A88D43761FA518C40097EE78 /* ViewController.swift in Sources */ = {isa = PBXBuildFile; fileRef = A88D43751FA518C40097EE78 /* ViewController.swift */; };
		A88D43791FA518C40097EE78 /* Main.storyboard in Resources */ = {isa = PBXBuildFile; fileRef = A88D43771FA518C40097EE78 /* Main.storyboard */; };
		A88D437E1FA518C40097EE78 /* LaunchScreen.storyboard in Resources */ = {isa = PBXBuildFile; fileRef = A88D437C1FA518C40097EE78 /* LaunchScreen.storyboard */; };
		A88D43881FA527E30097EE78 /* pumpkin_ViewController.swift in Sources */ = {isa = PBXBuildFile; fileRef = A88D43871FA527E30097EE78 /* pumpkin_ViewController.swift */; };
/* End PBXBuildFile section */

/* Begin PBXFileReference section */
		A87342E01FA550B500EBFCD0 /* icon_asset.xcassets */ = {isa = PBXFileReference; lastKnownFileType = folder.assetcatalog; path = icon_asset.xcassets; sourceTree = "<group>"; };
		A87342E21FA555F700EBFCD0 /* dragon_ViewController.swift */ = {isa = PBXFileReference; lastKnownFileType = sourcecode.swift; path = dragon_ViewController.swift; sourceTree = "<group>"; };
		A88D436E1FA518C30097EE78 /* bostonhack_flash.app */ = {isa = PBXFileReference; explicitFileType = wrapper.application; includeInIndex = 0; path = bostonhack_flash.app; sourceTree = BUILT_PRODUCTS_DIR; };
		A88D43711FA518C40097EE78 /* AppDelegate.swift */ = {isa = PBXFileReference; lastKnownFileType = sourcecode.swift; path = AppDelegate.swift; sourceTree = "<group>"; };
		A88D43731FA518C40097EE78 /* art.scnassets */ = {isa = PBXFileReference; lastKnownFileType = wrapper.scnassets; path = art.scnassets; sourceTree = "<group>"; };
		A88D43751FA518C40097EE78 /* ViewController.swift */ = {isa = PBXFileReference; lastKnownFileType = sourcecode.swift; path = ViewController.swift; sourceTree = "<group>"; };
		A88D43781FA518C40097EE78 /* Base */ = {isa = PBXFileReference; lastKnownFileType = file.storyboard; name = Base; path = Base.lproj/Main.storyboard; sourceTree = "<group>"; };
		A88D437D1FA518C40097EE78 /* Base */ = {isa = PBXFileReference; lastKnownFileType = file.storyboard; name = Base; path = Base.lproj/LaunchScreen.storyboard; sourceTree = "<group>"; };
		A88D437F1FA518C40097EE78 /* Info.plist */ = {isa = PBXFileReference; lastKnownFileType = text.plist.xml; path = Info.plist; sourceTree = "<group>"; };
		A88D43871FA527E30097EE78 /* pumpkin_ViewController.swift */ = {isa = PBXFileReference; lastKnownFileType = sourcecode.swift; path = pumpkin_ViewController.swift; sourceTree = "<group>"; };
/* End PBXFileReference section */

/* Begin PBXFrameworksBuildPhase section */
		A88D436B1FA518C30097EE78 /* Frameworks */ = {
			isa = PBXFrameworksBuildPhase;
			buildActionMask = 2147483647;
			files = (
			);
			runOnlyForDeploymentPostprocessing = 0;
		};
/* End PBXFrameworksBuildPhase section */

/* Begin PBXGroup section */
		A88D43651FA518C30097EE78 = {
			isa = PBXGroup;
			children = (
				A88D43701FA518C30097EE78 /* bostonhack_flash */,
				A88D436F1FA518C30097EE78 /* Products */,
			);
			sourceTree = "<group>";
		};
		A88D436F1FA518C30097EE78 /* Products */ = {
			isa = PBXGroup;
			children = (
				A88D436E1FA518C30097EE78 /* bostonhack_flash.app */,
			);
			name = Products;
			sourceTree = "<group>";
		};
		A88D43701FA518C30097EE78 /* bostonhack_flash */ = {
			isa = PBXGroup;
			children = (
				A88D43711FA518C40097EE78 /* AppDelegate.swift */,
				A88D43731FA518C40097EE78 /* art.scnassets */,
				A88D43751FA518C40097EE78 /* ViewController.swift */,
				A88D43871FA527E30097EE78 /* pumpkin_ViewController.swift */,
				A87342E21FA555F700EBFCD0 /* dragon_ViewController.swift */,
				A88D43771FA518C40097EE78 /* Main.storyboard */,
				A88D437C1FA518C40097EE78 /* LaunchScreen.storyboard */,
				A88D437F1FA518C40097EE78 /* Info.plist */,
				A87342E01FA550B500EBFCD0 /* icon_asset.xcassets */,
			);
			path = bostonhack_flash;
			sourceTree = "<group>";
		};
/* End PBXGroup section */

/* Begin PBXNativeTarget section */
		A88D436D1FA518C30097EE78 /* bostonhack_flash */ = {
			isa = PBXNativeTarget;
			buildConfigurationList = A88D43821FA518C40097EE78 /* Build configuration list for PBXNativeTarget "bostonhack_flash" */;
			buildPhases = (
				A88D436A1FA518C30097EE78 /* Sources */,
				A88D436B1FA518C30097EE78 /* Frameworks */,
				A88D436C1FA518C30097EE78 /* Resources */,
			);
			buildRules = (
			);
			dependencies = (
			);
			name = bostonhack_flash;
			productName = bostonhack_flash;
			productReference = A88D436E1FA518C30097EE78 /* bostonhack_flash.app */;
			productType = "com.apple.product-type.application";
		};
/* End PBXNativeTarget section */

/* Begin PBXProject section */
		A88D43661FA518C30097EE78 /* Project object */ = {
			isa = PBXProject;
			attributes = {
				LastSwiftUpdateCheck = 0900;
				LastUpgradeCheck = 0900;
				ORGANIZATIONNAME = Forrest;
				TargetAttributes = {
					A88D436D1FA518C30097EE78 = {
						CreatedOnToolsVersion = 9.0;
						ProvisioningStyle = Automatic;
					};
				};
			};
			buildConfigurationList = A88D43691FA518C30097EE78 /* Build configuration list for PBXProject "bostonhack_flash" */;
			compatibilityVersion = "Xcode 8.0";
			developmentRegion = en;
			hasScannedForEncodings = 0;
			knownRegions = (
				en,
				Base,
			);
			mainGroup = A88D43651FA518C30097EE78;
			productRefGroup = A88D436F1FA518C30097EE78 /* Products */;
			projectDirPath = "";
			projectRoot = "";
			targets = (
				A88D436D1FA518C30097EE78 /* bostonhack_flash */,
			);
		};
/* End PBXProject section */

/* Begin PBXResourcesBuildPhase section */
		A88D436C1FA518C30097EE78 /* Resources */ = {
			isa = PBXResourcesBuildPhase;
			buildActionMask = 2147483647;
			files = (
				A88D43741FA518C40097EE78 /* art.scnassets in Resources */,
				A88D437E1FA518C40097EE78 /* LaunchScreen.storyboard in Resources */,
				A88D43791FA518C40097EE78 /* Main.storyboard in Resources */,
				A87342E11FA550B500EBFCD0 /* icon_asset.xcassets in Resources */,
			);
			runOnlyForDeploymentPostprocessing = 0;
		};
/* End PBXResourcesBuildPhase section */

/* Begin PBXSourcesBuildPhase section */
		A88D436A1FA518C30097EE78 /* Sources */ = {
			isa = PBXSourcesBuildPhase;
			buildActionMask = 2147483647;
			files = (
				A88D43761FA518C40097EE78 /* ViewController.swift in Sources */,
				A88D43721FA518C40097EE78 /* AppDelegate.swift in Sources */,
				A88D43881FA527E30097EE78 /* pumpkin_ViewController.swift in Sources */,
				A87342E31FA555F700EBFCD0 /* dragon_ViewController.swift in Sources */,
			);
			runOnlyForDeploymentPostprocessing = 0;
		};
/* End PBXSourcesBuildPhase section */

/* Begin PBXVariantGroup section */
		A88D43771FA518C40097EE78 /* Main.storyboard */ = {
			isa = PBXVariantGroup;
			children = (
				A88D43781FA518C40097EE78 /* Base */,
			);
			name = Main.storyboard;
			sourceTree = "<group>";
		};
		A88D437C1FA518C40097EE78 /* LaunchScreen.storyboard */ = {
			isa = PBXVariantGroup;
			children = (
				A88D437D1FA518C40097EE78 /* Base */,
			);
			name = LaunchScreen.storyboard;
			sourceTree = "<group>";
		};
/* End PBXVariantGroup section */

/* Begin XCBuildConfiguration section */
		A88D43801FA518C40097EE78 /* Debug */ = {
			isa = XCBuildConfiguration;
			buildSettings = {
				ALWAYS_SEARCH_USER_PATHS = NO;
				CLANG_ANALYZER_NONNULL = YES;
				CLANG_ANALYZER_NUMBER_OBJECT_CONVERSION = YES_AGGRESSIVE;
				CLANG_CXX_LANGUAGE_STANDARD = "gnu++14";
				CLANG_CXX_LIBRARY = "libc++";
				CLANG_ENABLE_MODULES = YES;
				CLANG_ENABLE_OBJC_ARC = YES;
				CLANG_WARN_BLOCK_CAPTURE_AUTORELEASING = YES;
				CLANG_WARN_BOOL_CONVERSION = YES;
				CLANG_WARN_COMMA = YES;
				CLANG_WARN_CONSTANT_CONVERSION = YES;
				CLANG_WARN_DIRECT_OBJC_ISA_USAGE = YES_ERROR;
				CLANG_WARN_DOCUMENTATION_COMMENTS = YES;
				CLANG_WARN_EMPTY_BODY = YES;
				CLANG_WARN_ENUM_CONVERSION = YES;
				CLANG_WARN_INFINITE_RECURSION = YES;
				CLANG_WARN_INT_CONVERSION = YES;
				CLANG_WARN_NON_LITERAL_NULL_CONVERSION = YES;
				CLANG_WARN_OBJC_LITERAL_CONVERSION = YES;
				CLANG_WARN_OBJC_ROOT_CLASS = YES_ERROR;
				CLANG_WARN_RANGE_LOOP_ANALYSIS = YES;
				CLANG_WARN_STRICT_PROTOTYPES = YES;
				CLANG_WARN_SUSPICIOUS_MOVE = YES;
				CLANG_WARN_UNGUARDED_AVAILABILITY = YES_AGGRESSIVE;
				CLANG_WARN_UNREACHABLE_CODE = YES;
				CLANG_WARN__DUPLICATE_METHOD_MATCH = YES;
				CODE_SIGN_IDENTITY = "iPhone Developer";
				COPY_PHASE_STRIP = NO;
				DEBUG_INFORMATION_FORMAT = dwarf;
				ENABLE_STRICT_OBJC_MSGSEND = YES;
				ENABLE_TESTABILITY = YES;
				GCC_C_LANGUAGE_STANDARD = gnu11;
				GCC_DYNAMIC_NO_PIC = NO;
				GCC_NO_COMMON_BLOCKS = YES;
				GCC_OPTIMIZATION_LEVEL = 0;
				GCC_PREPROCESSOR_DEFINITIONS = (
					"DEBUG=1",
					"$(inherited)",
				);
				GCC_WARN_64_TO_32_BIT_CONVERSION = YES;
				GCC_WARN_ABOUT_RETURN_TYPE = YES_ERROR;
				GCC_WARN_UNDECLARED_SELECTOR = YES;
				GCC_WARN_UNINITIALIZED_AUTOS = YES_AGGRESSIVE;
				GCC_WARN_UNUSED_FUNCTION = YES;
				GCC_WARN_UNUSED_VARIABLE = YES;
				IPHONEOS_DEPLOYMENT_TARGET = 11.0;
				MTL_ENABLE_DEBUG_INFO = YES;
				ONLY_ACTIVE_ARCH = YES;
				SDKROOT = iphoneos;
				SWIFT_ACTIVE_COMPILATION_CONDITIONS = DEBUG;
				SWIFT_OPTIMIZATION_LEVEL = "-Onone";
			};
			name = Debug;
		};
		A88D43811FA518C40097EE78 /* Release */ = {
			isa = XCBuildConfiguration;
			buildSettings = {
				ALWAYS_SEARCH_USER_PATHS = NO;
				CLANG_ANALYZER_NONNULL = YES;
				CLANG_ANALYZER_NUMBER_OBJECT_CONVERSION = YES_AGGRESSIVE;
				CLANG_CXX_LANGUAGE_STANDARD = "gnu++14";
				CLANG_CXX_LIBRARY = "libc++";
				CLANG_ENABLE_MODULES = YES;
				CLANG_ENABLE_OBJC_ARC = YES;
				CLANG_WARN_BLOCK_CAPTURE_AUTORELEASING = YES;
				CLANG_WARN_BOOL_CONVERSION = YES;
				CLANG_WARN_COMMA = YES;
				CLANG_WARN_CONSTANT_CONVERSION = YES;
				CLANG_WARN_DIRECT_OBJC_ISA_USAGE = YES_ERROR;
				CLANG_WARN_DOCUMENTATION_COMMENTS = YES;
				CLANG_WARN_EMPTY_BODY = YES;
				CLANG_WARN_ENUM_CONVERSION = YES;
				CLANG_WARN_INFINITE_RECURSION = YES;
				CLANG_WARN_INT_CONVERSION = YES;
				CLANG_WARN_NON_LITERAL_NULL_CONVERSION = YES;
				CLANG_WARN_OBJC_LITERAL_CONVERSION = YES;
				CLANG_WARN_OBJC_ROOT_CLASS = YES_ERROR;
				CLANG_WARN_RANGE_LOOP_ANALYSIS = YES;
				CLANG_WARN_STRICT_PROTOTYPES = YES;
				CLANG_WARN_SUSPICIOUS_MOVE = YES;
				CLANG_WARN_UNGUARDED_AVAILABILITY = YES_AGGRESSIVE;
				CLANG_WARN_UNREACHABLE_CODE = YES;
				CLANG_WARN__DUPLICATE_METHOD_MATCH = YES;
				CODE_SIGN_IDENTITY = "iPhone Developer";
				COPY_PHASE_STRIP = NO;
				DEBUG_INFORMATION_FORMAT = "dwarf-with-dsym";
				ENABLE_NS_ASSERTIONS = NO;
				ENABLE_STRICT_OBJC_MSGSEND = YES;
				GCC_C_LANGUAGE_STANDARD = gnu11;
				GCC_NO_COMMON_BLOCKS = YES;
				GCC_WARN_64_TO_32_BIT_CONVERSION = YES;
				GCC_WARN_ABOUT_RETURN_TYPE = YES_ERROR;
				GCC_WARN_UNDECLARED_SELECTOR = YES;
				GCC_WARN_UNINITIALIZED_AUTOS = YES_AGGRESSIVE;
				GCC_WARN_UNUSED_FUNCTION = YES;
				GCC_WARN_UNUSED_VARIABLE = YES;
				IPHONEOS_DEPLOYMENT_TARGET = 11.0;
				MTL_ENABLE_DEBUG_INFO = NO;
				SDKROOT = iphoneos;
				SWIFT_OPTIMIZATION_LEVEL = "-Owholemodule";
				VALIDATE_PRODUCT = YES;
			};
			name = Release;
		};
		A88D43831FA518C40097EE78 /* Debug */ = {
			isa = XCBuildConfiguration;
			buildSettings = {
				ASSETCATALOG_COMPILER_APPICON_NAME = AppIcon;
				CODE_SIGN_STYLE = Automatic;
				DEVELOPMENT_TEAM = 5HKN292LU8;
				INFOPLIST_FILE = bostonhack_flash/Info.plist;
				LD_RUNPATH_SEARCH_PATHS = "$(inherited) @executable_path/Frameworks";
				PRODUCT_BUNDLE_IDENTIFIER = "com.yunyu.bostonhack-flash";
				PRODUCT_NAME = "$(TARGET_NAME)";
				SWIFT_VERSION = 4.0;
				TARGETED_DEVICE_FAMILY = "1,2";
			};
			name = Debug;
		};
		A88D43841FA518C40097EE78 /* Release */ = {
			isa = XCBuildConfiguration;
			buildSettings = {
				ASSETCATALOG_COMPILER_APPICON_NAME = AppIcon;
				CODE_SIGN_STYLE = Automatic;
				DEVELOPMENT_TEAM = 5HKN292LU8;
				INFOPLIST_FILE = bostonhack_flash/Info.plist;
				LD_RUNPATH_SEARCH_PATHS = "$(inherited) @executable_path/Frameworks";
				PRODUCT_BUNDLE_IDENTIFIER = "com.yunyu.bostonhack-flash";
				PRODUCT_NAME = "$(TARGET_NAME)";
				SWIFT_VERSION = 4.0;
				TARGETED_DEVICE_FAMILY = "1,2";
			};
			name = Release;
		};
/* End XCBuildConfiguration section */

/* Begin XCConfigurationList section */
		A88D43691FA518C30097EE78 /* Build configuration list for PBXProject "bostonhack_flash" */ = {
			isa = XCConfigurationList;
			buildConfigurations = (
				A88D43801FA518C40097EE78 /* Debug */,
				A88D43811FA518C40097EE78 /* Release */,
			);
			defaultConfigurationIsVisible = 0;
			defaultConfigurationName = Release;
		};
		A88D43821FA518C40097EE78 /* Build configuration list for PBXNativeTarget "bostonhack_flash" */ = {
			isa = XCConfigurationList;
			buildConfigurations = (
				A88D43831FA518C40097EE78 /* Debug */,
				A88D43841FA518C40097EE78 /* Release */,
			);
			defaultConfigurationIsVisible = 0;
			defaultConfigurationName = Release;
		};
/* End XCConfigurationList section */
	};
	rootObject = A88D43661FA518C30097EE78 /* Project object */;
}
